
Microsoft Visual Studio Solution File, Format Version 12.00
# Visual Studio 2013
VisualStudioVersion = 12.0.31101.0
MinimumVisualStudioVersion = 10.0.40219.1
Project("{FAE04EC0-301F-11D3-BF4B-00C04F79EFBC}") = "DataGridPerformance", "DataGridPerformance\DataGridPerformance.csproj", "{E60B5380-8303-4FA0-AC0B-7E3398AA4A2A}"
EndProject
Project("{FAE04EC0-301F-11D3-BF4B-00C04F79EFBC}") = "ListViewPerformance", "ListViewPerformance\ListViewPerformance.csproj", "{7A798FB9-3404-4B7E-9292-B8E1F3F1E09A}"
EndProject
Global
	GlobalSection(SolutionConfigurationPlatforms) = preSolution
		Debug|Any CPU = Debug|Any CPU
		Release|Any CPU = Release|Any CPU
	EndGlobalSection
	GlobalSection(ProjectConfigurationPlatforms) = postSolution
		{E60B5380-8303-4FA0-AC0B-7E3398AA4A2A}.Debug|Any CPU.ActiveCfg = Debug|Any CPU
		{E60B5380-8303-4FA0-AC0B-7E3398AA4A2A}.Debug|Any CPU.Build.0 = Debug|Any CPU
		{E60B5380-8303-4FA0-AC0B-7E3398AA4A2A}.Release|Any CPU.ActiveCfg = Release|Any CPU
		{E60B5380-8303-4FA0-AC0B-7E3398AA4A2A}.Release|Any CPU.Build.0 = Release|Any CPU
		{7A798FB9-3404-4B7E-9292-B8E1F3F1E09A}.Debug|Any CPU.ActiveCfg = Debug|Any CPU
		{7A798FB9-3404-4B7E-9292-B8E1F3F1E09A}.Debug|Any CPU.Build.0 = Debug|Any CPU
		{7A798FB9-3404-4B7E-9292-B8E1F3F1E09A}.Release|Any CPU.ActiveCfg = Release|Any CPU
		{7A798FB9-3404-4B7E-9292-B8E1F3F1E09A}.Release|Any CPU.Build.0 = Release|Any CPU
	EndGlobalSection
	GlobalSection(SolutionProperties) = preSolution
		HideSolutionNode = FALSE
	EndGlobalSection
EndGlobal
